// !$*UTF8*$!
{
	archiveVersion = 1;
	classes = {
	};
	objectVersion = 46;
	objects = {

/* Begin PBXBuildFile section */
		04450B351DFDA23A00E7B146 /* AppDelegate.swift in Sources */ = {isa = PBXBuildFile; fileRef = 04450B341DFDA23A00E7B146 /* AppDelegate.swift */; };
		04450B371DFDA23A00E7B146 /* MasterViewController.swift in Sources */ = {isa = PBXBuildFile; fileRef = 04450B361DFDA23A00E7B146 /* MasterViewController.swift */; };
		04450B391DFDA23A00E7B146 /* DetailViewController.swift in Sources */ = {isa = PBXBuildFile; fileRef = 04450B381DFDA23A00E7B146 /* DetailViewController.swift */; };
		04450B3C1DFDA23A00E7B146 /* Main.storyboard in Resources */ = {isa = PBXBuildFile; fileRef = 04450B3A1DFDA23A00E7B146 /* Main.storyboard */; };
		04450B3E1DFDA23A00E7B146 /* Assets.xcassets in Resources */ = {isa = PBXBuildFile; fileRef = 04450B3D1DFDA23A00E7B146 /* Assets.xcassets */; };
		04450B411DFDA23A00E7B146 /* LaunchScreen.storyboard in Resources */ = {isa = PBXBuildFile; fileRef = 04450B3F1DFDA23A00E7B146 /* LaunchScreen.storyboard */; };
/* End PBXBuildFile section */

/* Begin PBXFileReference section */
		04450B311DFDA23A00E7B146 /* TodoList.app */ = {isa = PBXFileReference; explicitFileType = wrapper.application; includeInIndex = 0; path = TodoList.app; sourceTree = BUILT_PRODUCTS_DIR; };
		04450B341DFDA23A00E7B146 /* AppDelegate.swift */ = {isa = PBXFileReference; lastKnownFileType = sourcecode.swift; path = AppDelegate.swift; sourceTree = "<group>"; };
		04450B361DFDA23A00E7B146 /* MasterViewController.swift */ = {isa = PBXFileReference; lastKnownFileType = sourcecode.swift; path = MasterViewController.swift; sourceTree = "<group>"; };
		04450B381DFDA23A00E7B146 /* DetailViewController.swift */ = {isa = PBXFileReference; lastKnownFileType = sourcecode.swift; path = DetailViewController.swift; sourceTree = "<group>"; };
		04450B3B1DFDA23A00E7B146 /* Base */ = {isa = PBXFileReference; lastKnownFileType = file.storyboard; name = Base; path = Base.lproj/Main.storyboard; sourceTree = "<group>"; };
		04450B3D1DFDA23A00E7B146 /* Assets.xcassets */ = {isa = PBXFileReference; lastKnownFileType = folder.assetcatalog; path = Assets.xcassets; sourceTree = "<group>"; };
		04450B401DFDA23A00E7B146 /* Base */ = {isa = PBXFileReference; lastKnownFileType = file.storyboard; name = Base; path = Base.lproj/LaunchScreen.storyboard; sourceTree = "<group>"; };
		04450B421DFDA23A00E7B146 /* Info.plist */ = {isa = PBXFileReference; lastKnownFileType = text.plist.xml; path = Info.plist; sourceTree = "<group>"; };
/* End PBXFileReference section */

/* Begin PBXFrameworksBuildPhase section */
		04450B2E1DFDA23A00E7B146 /* Frameworks */ = {
			isa = PBXFrameworksBuildPhase;
			buildActionMask = 2147483647;
			files = (
			);
			runOnlyForDeploymentPostprocessing = 0;
		};
/* End PBXFrameworksBuildPhase section */

/* Begin PBXGroup section */
		04450B281DFDA23A00E7B146 = {
			isa = PBXGroup;
			children = (
				04450B331DFDA23A00E7B146 /* TodoList */,
				04450B321DFDA23A00E7B146 /* Products */,
			);
			sourceTree = "<group>";
		};
		04450B321DFDA23A00E7B146 /* Products */ = {
			isa = PBXGroup;
			children = (
				04450B311DFDA23A00E7B146 /* TodoList.app */,
			);
			name = Products;
			sourceTree = "<group>";
		};
		04450B331DFDA23A00E7B146 /* TodoList */ = {
			isa = PBXGroup;
			children = (
				04450B341DFDA23A00E7B146 /* AppDelegate.swift */,
				04450B361DFDA23A00E7B146 /* MasterViewController.swift */,
				04450B381DFDA23A00E7B146 /* DetailViewController.swift */,
				04450B3A1DFDA23A00E7B146 /* Main.storyboard */,
				04450B3D1DFDA23A00E7B146 /* Assets.xcassets */,
				04450B3F1DFDA23A00E7B146 /* LaunchScreen.storyboard */,
				04450B421DFDA23A00E7B146 /* Info.plist */,
			);
			path = TodoList;
			sourceTree = "<group>";
		};
/* End PBXGroup section */

/* Begin PBXNativeTarget section */
		04450B301DFDA23A00E7B146 /* TodoList */ = {
			isa = PBXNativeTarget;
			buildConfigurationList = 04450B451DFDA23A00E7B146 /* Build configuration list for PBXNativeTarget "TodoList" */;
			buildPhases = (
				04450B2D1DFDA23A00E7B146 /* Sources */,
				04450B2E1DFDA23A00E7B146 /* Frameworks */,
				04450B2F1DFDA23A00E7B146 /* Resources */,
			);
			buildRules = (
			);
			dependencies = (
			);
			name = TodoList;
			productName = TodoList;
			productReference = 04450B311DFDA23A00E7B146 /* TodoList.app */;
			productType = "com.apple.product-type.application";
		};
/* End PBXNativeTarget section */

/* Begin PBXProject section */
		04450B291DFDA23A00E7B146 /* Project object */ = {
			isa = PBXProject;
			attributes = {
				LastSwiftUpdateCheck = 0810;
				LastUpgradeCheck = 0810;
				ORGANIZATIONNAME = "Andrii Nikitenko";
				TargetAttributes = {
					04450B301DFDA23A00E7B146 = {
						CreatedOnToolsVersion = 8.1;
						ProvisioningStyle = Automatic;
					};
				};
			};
			buildConfigurationList = 04450B2C1DFDA23A00E7B146 /* Build configuration list for PBXProject "TodoList" */;
			compatibilityVersion = "Xcode 3.2";
			developmentRegion = English;
			hasScannedForEncodings = 0;
			knownRegions = (
				en,
				Base,
			);
			mainGroup = 04450B281DFDA23A00E7B146;
			productRefGroup = 04450B321DFDA23A00E7B146 /* Products */;
			projectDirPath = "";
			projectRoot = "";
			targets = (
				04450B301DFDA23A00E7B146 /* TodoList */,
			);
		};
/* End PBXProject section */

/* Begin PBXResourcesBuildPhase section */
		04450B2F1DFDA23A00E7B146 /* Resources */ = {
			isa = PBXResourcesBuildPhase;
			buildActionMask = 2147483647;
			files = (
				04450B411DFDA23A00E7B146 /* LaunchScreen.storyboard in Resources */,
				04450B3E1DFDA23A00E7B146 /* Assets.xcassets in Resources */,
				04450B3C1DFDA23A00E7B146 /* Main.storyboard in Resources */,
			);
			runOnlyForDeploymentPostprocessing = 0;
		};
/* End PBXResourcesBuildPhase section */

/* Begin PBXSourcesBuildPhase section */
		04450B2D1DFDA23A00E7B146 /* Sources */ = {
			isa = PBXSourcesBuildPhase;
			buildActionMask = 2147483647;
			files = (
				04450B391DFDA23A00E7B146 /* DetailViewController.swift in Sources */,
				04450B371DFDA23A00E7B146 /* MasterViewController.swift in Sources */,
				04450B351DFDA23A00E7B146 /* AppDelegate.swift in Sources */,
			);
			runOnlyForDeploymentPostprocessing = 0;
		};
/* End PBXSourcesBuildPhase section */

/* Begin PBXVariantGroup section */
		04450B3A1DFDA23A00E7B146 /* Main.storyboard */ = {
			isa = PBXVariantGroup;
			children = (
				04450B3B1DFDA23A00E7B146 /* Base */,
			);
			name = Main.storyboard;
			sourceTree = "<group>";
		};
		04450B3F1DFDA23A00E7B146 /* LaunchScreen.storyboard */ = {
			isa = PBXVariantGroup;
			children = (
				04450B401DFDA23A00E7B146 /* Base */,
			);
			name = LaunchScreen.storyboard;
			sourceTree = "<group>";
		};
/* End PBXVariantGroup section */

/* Begin XCBuildConfiguration section */
		04450B431DFDA23A00E7B146 /* Debug */ = {
			isa = XCBuildConfiguration;
			buildSettings = {
				ALWAYS_SEARCH_USER_PATHS = NO;
				CLANG_ANALYZER_NONNULL = YES;
				CLANG_CXX_LANGUAGE_STANDARD = "gnu++0x";
				CLANG_CXX_LIBRARY = "libc++";
				CLANG_ENABLE_MODULES = YES;
				CLANG_ENABLE_OBJC_ARC = YES;
				CLANG_WARN_BOOL_CONVERSION = YES;
				CLANG_WARN_CONSTANT_CONVERSION = YES;
				CLANG_WARN_DIRECT_OBJC_ISA_USAGE = YES_ERROR;
				CLANG_WARN_DOCUMENTATION_COMMENTS = YES;
				CLANG_WARN_EMPTY_BODY = YES;
				CLANG_WARN_ENUM_CONVERSION = YES;
				CLANG_WARN_INFINITE_RECURSION = YES;
				CLANG_WARN_INT_CONVERSION = YES;
				CLANG_WARN_OBJC_ROOT_CLASS = YES_ERROR;
				CLANG_WARN_SUSPICIOUS_MOVES = YES;
				CLANG_WARN_UNREACHABLE_CODE = YES;
				CLANG_WARN__DUPLICATE_METHOD_MATCH = YES;
				"CODE_SIGN_IDENTITY[sdk=iphoneos*]" = "iPhone Developer";
				COPY_PHASE_STRIP = NO;
				DEBUG_INFORMATION_FORMAT = dwarf;
				ENABLE_STRICT_OBJC_MSGSEND = YES;
				ENABLE_TESTABILITY = YES;
				GCC_C_LANGUAGE_STANDARD = gnu99;
				GCC_DYNAMIC_NO_PIC = NO;
				GCC_NO_COMMON_BLOCKS = YES;
				GCC_OPTIMIZATION_LEVEL = 0;
				GCC_PREPROCESSOR_DEFINITIONS = (
					"DEBUG=1",
					"$(inherited)",
				);
				GCC_WARN_64_TO_32_BIT_CONVERSION = YES;
				GCC_WARN_ABOUT_RETURN_TYPE = YES_ERROR;
				GCC_WARN_UNDECLARED_SELECTOR = YES;
				GCC_WARN_UNINITIALIZED_AUTOS = YES_AGGRESSIVE;
				GCC_WARN_UNUSED_FUNCTION = YES;
				GCC_WARN_UNUSED_VARIABLE = YES;
				IPHONEOS_DEPLOYMENT_TARGET = 10.1;
				MTL_ENABLE_DEBUG_INFO = YES;
				ONLY_ACTIVE_ARCH = YES;
				SDKROOT = iphoneos;
				SWIFT_ACTIVE_COMPILATION_CONDITIONS = DEBUG;
				SWIFT_OPTIMIZATION_LEVEL = "-Onone";
			};
			name = Debug;
		};
		04450B441DFDA23A00E7B146 /* Release */ = {
			isa = XCBuildConfiguration;
			buildSettings = {
				ALWAYS_SEARCH_USER_PATHS = NO;
				CLANG_ANALYZER_NONNULL = YES;
				CLANG_CXX_LANGUAGE_STANDARD = "gnu++0x";
				CLANG_CXX_LIBRARY = "libc++";
				CLANG_ENABLE_MODULES = YES;
				CLANG_ENABLE_OBJC_ARC = YES;
				CLANG_WARN_BOOL_CONVERSION = YES;
				CLANG_WARN_CONSTANT_CONVERSION = YES;
				CLANG_WARN_DIRECT_OBJC_ISA_USAGE = YES_ERROR;
				CLANG_WARN_DOCUMENTATION_COMMENTS = YES;
				CLANG_WARN_EMPTY_BODY = YES;
				CLANG_WARN_ENUM_CONVERSION = YES;
				CLANG_WARN_INFINITE_RECURSION = YES;
				CLANG_WARN_INT_CONVERSION = YES;
				CLANG_WARN_OBJC_ROOT_CLASS = YES_ERROR;
				CLANG_WARN_SUSPICIOUS_MOVES = YES;
				CLANG_WARN_UNREACHABLE_CODE = YES;
				CLANG_WARN__DUPLICATE_METHOD_MATCH = YES;
				"CODE_SIGN_IDENTITY[sdk=iphoneos*]" = "iPhone Developer";
				COPY_PHASE_STRIP = NO;
				DEBUG_INFORMATION_FORMAT = "dwarf-with-dsym";
				ENABLE_NS_ASSERTIONS = NO;
				ENABLE_STRICT_OBJC_MSGSEND = YES;
				GCC_C_LANGUAGE_STANDARD = gnu99;
				GCC_NO_COMMON_BLOCKS = YES;
				GCC_WARN_64_TO_32_BIT_CONVERSION = YES;
				GCC_WARN_ABOUT_RETURN_TYPE = YES_ERROR;
				GCC_WARN_UNDECLARED_SELECTOR = YES;
				GCC_WARN_UNINITIALIZED_AUTOS = YES_AGGRESSIVE;
				GCC_WARN_UNUSED_FUNCTION = YES;
				GCC_WARN_UNUSED_VARIABLE = YES;
				IPHONEOS_DEPLOYMENT_TARGET = 10.1;
				MTL_ENABLE_DEBUG_INFO = NO;
				SDKROOT = iphoneos;
				SWIFT_OPTIMIZATION_LEVEL = "-Owholemodule";
				VALIDATE_PRODUCT = YES;
			};
			name = Release;
		};
		04450B461DFDA23A00E7B146 /* Debug */ = {
			isa = XCBuildConfiguration;
			buildSettings = {
				ASSETCATALOG_COMPILER_APPICON_NAME = AppIcon;
				INFOPLIST_FILE = TodoList/Info.plist;
				LD_RUNPATH_SEARCH_PATHS = "$(inherited) @executable_path/Frameworks";
				PRODUCT_BUNDLE_IDENTIFIER = Gikhubngf.TodoList;
				PRODUCT_NAME = "$(TARGET_NAME)";
				SWIFT_VERSION = 3.0;
				TARGETED_DEVICE_FAMILY = "1,2";
			};
			name = Debug;
		};
		04450B471DFDA23A00E7B146 /* Release */ = {
			isa = XCBuildConfiguration;
			buildSettings = {
				ASSETCATALOG_COMPILER_APPICON_NAME = AppIcon;
				INFOPLIST_FILE = TodoList/Info.plist;
				LD_RUNPATH_SEARCH_PATHS = "$(inherited) @executable_path/Frameworks";
				PRODUCT_BUNDLE_IDENTIFIER = Gikhubngf.TodoList;
				PRODUCT_NAME = "$(TARGET_NAME)";
				SWIFT_VERSION = 3.0;
				TARGETED_DEVICE_FAMILY = "1,2";
			};
			name = Release;
		};
/* End XCBuildConfiguration section */

/* Begin XCConfigurationList section */
		04450B2C1DFDA23A00E7B146 /* Build configuration list for PBXProject "TodoList" */ = {
			isa = XCConfigurationList;
			buildConfigurations = (
				04450B431DFDA23A00E7B146 /* Debug */,
				04450B441DFDA23A00E7B146 /* Release */,
			);
			defaultConfigurationIsVisible = 0;
			defaultConfigurationName = Release;
		};
		04450B451DFDA23A00E7B146 /* Build configuration list for PBXNativeTarget "TodoList" */ = {
			isa = XCConfigurationList;
			buildConfigurations = (
				04450B461DFDA23A00E7B146 /* Debug */,
				04450B471DFDA23A00E7B146 /* Release */,
			);
			defaultConfigurationIsVisible = 0;
		};
/* End XCConfigurationList section */
	};
	rootObject = 04450B291DFDA23A00E7B146 /* Project object */;
}
